
Microsoft Visual Studio Solution File, Format Version 12.00
# Visual Studio Version 17
VisualStudioVersion = 17.12.35527.113
MinimumVisualStudioVersion = 10.0.40219.1
Project("{FAE04EC0-301F-11D3-BF4B-00C04F79EFBC}") = "MarketInsight.Ingestor.Service", "MarketInsight.Ingestor\MarketInsight.Ingestor.Service.csproj", "{81E22DDE-338C-41DC-A3E1-07DC0D9A28E1}"
EndProject
Project("{FAE04EC0-301F-11D3-BF4B-00C04F79EFBC}") = "MarketInsight.Domain", "MarketInsight.Domain\MarketInsight.Domain.csproj", "{146982A2-D578-4FC0-B33E-B06140B0AFEC}"
EndProject
Project("{FAE04EC0-301F-11D3-BF4B-00C04F79EFBC}") = "MarketInsight.Shared", "MarketInsight.Shared\MarketInsight.Shared.csproj", "{26E9325E-47BB-4428-AE8B-DDB475C7A78E}"
EndProject
Project("{FAE04EC0-301F-11D3-BF4B-00C04F79EFBC}") = "MarketInsight.Application", "MarketInsight.Application\MarketInsight.Application.csproj", "{31545DB3-AB63-41EF-81C6-4E490598992F}"
EndProject
Project("{FAE04EC0-301F-11D3-BF4B-00C04F79EFBC}") = "MarketInsight.Infrastructure", "MarketInsight.Infrastructure\MarketInsight.Infrastructure.csproj", "{E605B8F1-7706-4D2C-B2C1-A722614B24A7}"
EndProject
Project("{FAE04EC0-301F-11D3-BF4B-00C04F79EFBC}") = "MarketInsight.Tests", "MarketInsight.Tests\MarketInsight.Tests.csproj", "{BA08327B-0C1D-48E5-8AB1-6260F77D837E}"
EndProject
Global
	GlobalSection(SolutionConfigurationPlatforms) = preSolution
		Debug|Any CPU = Debug|Any CPU
		Release|Any CPU = Release|Any CPU
	EndGlobalSection
	GlobalSection(ProjectConfigurationPlatforms) = postSolution
		{81E22DDE-338C-41DC-A3E1-07DC0D9A28E1}.Debug|Any CPU.ActiveCfg = Debug|Any CPU
		{81E22DDE-338C-41DC-A3E1-07DC0D9A28E1}.Debug|Any CPU.Build.0 = Debug|Any CPU
		{81E22DDE-338C-41DC-A3E1-07DC0D9A28E1}.Release|Any CPU.ActiveCfg = Release|Any CPU
		{81E22DDE-338C-41DC-A3E1-07DC0D9A28E1}.Release|Any CPU.Build.0 = Release|Any CPU
		{146982A2-D578-4FC0-B33E-B06140B0AFEC}.Debug|Any CPU.ActiveCfg = Debug|Any CPU
		{146982A2-D578-4FC0-B33E-B06140B0AFEC}.Debug|Any CPU.Build.0 = Debug|Any CPU
		{146982A2-D578-4FC0-B33E-B06140B0AFEC}.Release|Any CPU.ActiveCfg = Release|Any CPU
		{146982A2-D578-4FC0-B33E-B06140B0AFEC}.Release|Any CPU.Build.0 = Release|Any CPU
		{26E9325E-47BB-4428-AE8B-DDB475C7A78E}.Debug|Any CPU.ActiveCfg = Debug|Any CPU
		{26E9325E-47BB-4428-AE8B-DDB475C7A78E}.Debug|Any CPU.Build.0 = Debug|Any CPU
		{26E9325E-47BB-4428-AE8B-DDB475C7A78E}.Release|Any CPU.ActiveCfg = Release|Any CPU
		{26E9325E-47BB-4428-AE8B-DDB475C7A78E}.Release|Any CPU.Build.0 = Release|Any CPU
		{31545DB3-AB63-41EF-81C6-4E490598992F}.Debug|Any CPU.ActiveCfg = Debug|Any CPU
		{31545DB3-AB63-41EF-81C6-4E490598992F}.Debug|Any CPU.Build.0 = Debug|Any CPU
		{31545DB3-AB63-41EF-81C6-4E490598992F}.Release|Any CPU.ActiveCfg = Release|Any CPU
		{31545DB3-AB63-41EF-81C6-4E490598992F}.Release|Any CPU.Build.0 = Release|Any CPU
		{E605B8F1-7706-4D2C-B2C1-A722614B24A7}.Debug|Any CPU.ActiveCfg = Debug|Any CPU
		{E605B8F1-7706-4D2C-B2C1-A722614B24A7}.Debug|Any CPU.Build.0 = Debug|Any CPU
		{E605B8F1-7706-4D2C-B2C1-A722614B24A7}.Release|Any CPU.ActiveCfg = Release|Any CPU
		{E605B8F1-7706-4D2C-B2C1-A722614B24A7}.Release|Any CPU.Build.0 = Release|Any CPU
		{BA08327B-0C1D-48E5-8AB1-6260F77D837E}.Debug|Any CPU.ActiveCfg = Debug|Any CPU
		{BA08327B-0C1D-48E5-8AB1-6260F77D837E}.Debug|Any CPU.Build.0 = Debug|Any CPU
		{BA08327B-0C1D-48E5-8AB1-6260F77D837E}.Release|Any CPU.ActiveCfg = Release|Any CPU
		{BA08327B-0C1D-48E5-8AB1-6260F77D837E}.Release|Any CPU.Build.0 = Release|Any CPU
	EndGlobalSection
	GlobalSection(SolutionProperties) = preSolution
		HideSolutionNode = FALSE
	EndGlobalSection
EndGlobal
